// !$*UTF8*$!
{
	archiveVersion = 1;
	classes = {
	};
	objectVersion = 46;
	objects = {

/* Begin PBXBuildFile section */
		48159F3D1F467D27008393AF /* SettingsTableViewController.storyboard in Resources */ = {isa = PBXBuildFile; fileRef = 48159F3C1F467D27008393AF /* SettingsTableViewController.storyboard */; };
		48163CCC1F428B2E00D8E690 /* AppDelegate.swift in Sources */ = {isa = PBXBuildFile; fileRef = 48163CCB1F428B2E00D8E690 /* AppDelegate.swift */; };
		48163CD31F428B2E00D8E690 /* Assets.xcassets in Resources */ = {isa = PBXBuildFile; fileRef = 48163CD21F428B2E00D8E690 /* Assets.xcassets */; };
		48163CE21F428F3E00D8E690 /* RootTabBarController.swift in Sources */ = {isa = PBXBuildFile; fileRef = 48163CE11F428F3E00D8E690 /* RootTabBarController.swift */; };
		48163CE41F428F7900D8E690 /* RootNavController.swift in Sources */ = {isa = PBXBuildFile; fileRef = 48163CE31F428F7900D8E690 /* RootNavController.swift */; };
		48163CEC1F42925600D8E690 /* PluseViewController.swift in Sources */ = {isa = PBXBuildFile; fileRef = 48163CEA1F42925600D8E690 /* PluseViewController.swift */; };
		48163CED1F42925600D8E690 /* PluseViewController.xib in Resources */ = {isa = PBXBuildFile; fileRef = 48163CEB1F42925600D8E690 /* PluseViewController.xib */; };
		48163CEF1F42927D00D8E690 /* WeiboTableViewController.swift in Sources */ = {isa = PBXBuildFile; fileRef = 48163CEE1F42927D00D8E690 /* WeiboTableViewController.swift */; };
		48163CF11F42929E00D8E690 /* MsgTableViewController.swift in Sources */ = {isa = PBXBuildFile; fileRef = 48163CF01F42929E00D8E690 /* MsgTableViewController.swift */; };
		48163CF31F4292B100D8E690 /* DisTableViewController.swift in Sources */ = {isa = PBXBuildFile; fileRef = 48163CF21F4292B100D8E690 /* DisTableViewController.swift */; };
		48163CF51F4292BF00D8E690 /* MeTableViewController.swift in Sources */ = {isa = PBXBuildFile; fileRef = 48163CF41F4292BF00D8E690 /* MeTableViewController.swift */; };
		4818D7BF1F441A3D00D97007 /* UIButton+Image.m in Sources */ = {isa = PBXBuildFile; fileRef = 4818D7BE1F441A3D00D97007 /* UIButton+Image.m */; };
		4818D7C11F441A9100D97007 /* UIButton+Image.swift in Sources */ = {isa = PBXBuildFile; fileRef = 4818D7C01F441A9100D97007 /* UIButton+Image.swift */; };
		4818D7C31F445E6D00D97007 /* BaseTableViewController.swift in Sources */ = {isa = PBXBuildFile; fileRef = 4818D7C21F445E6D00D97007 /* BaseTableViewController.swift */; };
		487230971F4A7AB3006F9518 /* MenuViewController.swift in Sources */ = {isa = PBXBuildFile; fileRef = 487230951F4A7AB2006F9518 /* MenuViewController.swift */; };
		487230981F4A7AB3006F9518 /* MenuViewController.xib in Resources */ = {isa = PBXBuildFile; fileRef = 487230961F4A7AB3006F9518 /* MenuViewController.xib */; };
		48A86C611F4574D100734EFC /* SettingsTableViewController.swift in Sources */ = {isa = PBXBuildFile; fileRef = 48A86C5F1F4574D100734EFC /* SettingsTableViewController.swift */; };
		48F94CBA1F453E7900F0E290 /* NavCenterView.swift in Sources */ = {isa = PBXBuildFile; fileRef = 48F94CB91F453E7900F0E290 /* NavCenterView.swift */; };
/* End PBXBuildFile section */

/* Begin PBXFileReference section */
		48159F3C1F467D27008393AF /* SettingsTableViewController.storyboard */ = {isa = PBXFileReference; fileEncoding = 4; lastKnownFileType = file.storyboard; path = SettingsTableViewController.storyboard; sourceTree = "<group>"; };
		48163CC81F428B2E00D8E690 /* WeiBoSwift.app */ = {isa = PBXFileReference; explicitFileType = wrapper.application; includeInIndex = 0; path = WeiBoSwift.app; sourceTree = BUILT_PRODUCTS_DIR; };
		48163CCB1F428B2E00D8E690 /* AppDelegate.swift */ = {isa = PBXFileReference; lastKnownFileType = sourcecode.swift; path = AppDelegate.swift; sourceTree = "<group>"; };
		48163CD21F428B2E00D8E690 /* Assets.xcassets */ = {isa = PBXFileReference; lastKnownFileType = folder.assetcatalog; path = Assets.xcassets; sourceTree = "<group>"; };
		48163CD71F428B2E00D8E690 /* Info.plist */ = {isa = PBXFileReference; lastKnownFileType = text.plist.xml; path = Info.plist; sourceTree = "<group>"; };
		48163CE11F428F3E00D8E690 /* RootTabBarController.swift */ = {isa = PBXFileReference; fileEncoding = 4; lastKnownFileType = sourcecode.swift; path = RootTabBarController.swift; sourceTree = "<group>"; };
		48163CE31F428F7900D8E690 /* RootNavController.swift */ = {isa = PBXFileReference; fileEncoding = 4; lastKnownFileType = sourcecode.swift; path = RootNavController.swift; sourceTree = "<group>"; };
		48163CEA1F42925600D8E690 /* PluseViewController.swift */ = {isa = PBXFileReference; fileEncoding = 4; lastKnownFileType = sourcecode.swift; path = PluseViewController.swift; sourceTree = "<group>"; };
		48163CEB1F42925600D8E690 /* PluseViewController.xib */ = {isa = PBXFileReference; fileEncoding = 4; lastKnownFileType = file.xib; path = PluseViewController.xib; sourceTree = "<group>"; };
		48163CEE1F42927D00D8E690 /* WeiboTableViewController.swift */ = {isa = PBXFileReference; fileEncoding = 4; lastKnownFileType = sourcecode.swift; path = WeiboTableViewController.swift; sourceTree = "<group>"; };
		48163CF01F42929E00D8E690 /* MsgTableViewController.swift */ = {isa = PBXFileReference; fileEncoding = 4; lastKnownFileType = sourcecode.swift; path = MsgTableViewController.swift; sourceTree = "<group>"; };
		48163CF21F4292B100D8E690 /* DisTableViewController.swift */ = {isa = PBXFileReference; fileEncoding = 4; lastKnownFileType = sourcecode.swift; path = DisTableViewController.swift; sourceTree = "<group>"; };
		48163CF41F4292BF00D8E690 /* MeTableViewController.swift */ = {isa = PBXFileReference; fileEncoding = 4; lastKnownFileType = sourcecode.swift; path = MeTableViewController.swift; sourceTree = "<group>"; };
		4818D7BC1F441A3D00D97007 /* WeiBoSwift-Bridging-Header.h */ = {isa = PBXFileReference; lastKnownFileType = sourcecode.c.h; path = "WeiBoSwift-Bridging-Header.h"; sourceTree = "<group>"; };
		4818D7BD1F441A3D00D97007 /* UIButton+Image.h */ = {isa = PBXFileReference; fileEncoding = 4; lastKnownFileType = sourcecode.c.h; path = "UIButton+Image.h"; sourceTree = "<group>"; };
		4818D7BE1F441A3D00D97007 /* UIButton+Image.m */ = {isa = PBXFileReference; fileEncoding = 4; lastKnownFileType = sourcecode.c.objc; path = "UIButton+Image.m"; sourceTree = "<group>"; };
		4818D7C01F441A9100D97007 /* UIButton+Image.swift */ = {isa = PBXFileReference; fileEncoding = 4; lastKnownFileType = sourcecode.swift; path = "UIButton+Image.swift"; sourceTree = "<group>"; };
		4818D7C21F445E6D00D97007 /* BaseTableViewController.swift */ = {isa = PBXFileReference; fileEncoding = 4; lastKnownFileType = sourcecode.swift; path = BaseTableViewController.swift; sourceTree = "<group>"; };
		487230951F4A7AB2006F9518 /* MenuViewController.swift */ = {isa = PBXFileReference; fileEncoding = 4; lastKnownFileType = sourcecode.swift; path = MenuViewController.swift; sourceTree = "<group>"; };
		487230961F4A7AB3006F9518 /* MenuViewController.xib */ = {isa = PBXFileReference; fileEncoding = 4; lastKnownFileType = file.xib; path = MenuViewController.xib; sourceTree = "<group>"; };
		48A86C5F1F4574D100734EFC /* SettingsTableViewController.swift */ = {isa = PBXFileReference; fileEncoding = 4; lastKnownFileType = sourcecode.swift; path = SettingsTableViewController.swift; sourceTree = "<group>"; };
		48F94CB91F453E7900F0E290 /* NavCenterView.swift */ = {isa = PBXFileReference; fileEncoding = 4; lastKnownFileType = sourcecode.swift; path = NavCenterView.swift; sourceTree = "<group>"; };
/* End PBXFileReference section */

/* Begin PBXFrameworksBuildPhase section */
		48163CC51F428B2E00D8E690 /* Frameworks */ = {
			isa = PBXFrameworksBuildPhase;
			buildActionMask = 2147483647;
			files = (
			);
			runOnlyForDeploymentPostprocessing = 0;
		};
/* End PBXFrameworksBuildPhase section */

/* Begin PBXGroup section */
		48163CBF1F428B2E00D8E690 = {
			isa = PBXGroup;
			children = (
				48163CCA1F428B2E00D8E690 /* WeiBoSwift */,
				48163CC91F428B2E00D8E690 /* Products */,
			);
			sourceTree = "<group>";
		};
		48163CC91F428B2E00D8E690 /* Products */ = {
			isa = PBXGroup;
			children = (
				48163CC81F428B2E00D8E690 /* WeiBoSwift.app */,
			);
			name = Products;
			sourceTree = "<group>";
		};
		48163CCA1F428B2E00D8E690 /* WeiBoSwift */ = {
			isa = PBXGroup;
			children = (
				48163CDD1F428DD000D8E690 /* Classes */,
				48163CCB1F428B2E00D8E690 /* AppDelegate.swift */,
				48163CD21F428B2E00D8E690 /* Assets.xcassets */,
				48163CD71F428B2E00D8E690 /* Info.plist */,
			);
			path = WeiBoSwift;
			sourceTree = "<group>";
		};
		48163CDD1F428DD000D8E690 /* Classes */ = {
			isa = PBXGroup;
			children = (
				48163CE01F428E6000D8E690 /* SwiftClass */,
				48163CDF1F428E2C00D8E690 /* ThirdLibs */,
				48163CDE1F428DF900D8E690 /* Sources */,
			);
			path = Classes;
			sourceTree = "<group>";
		};
		48163CDE1F428DF900D8E690 /* Sources */ = {
			isa = PBXGroup;
			children = (
			);
			path = Sources;
			sourceTree = "<group>";
		};
		48163CDF1F428E2C00D8E690 /* ThirdLibs */ = {
			isa = PBXGroup;
			children = (
				4818D7BB1F44196F00D97007 /* Category */,
			);
			path = ThirdLibs;
			sourceTree = "<group>";
		};
		48163CE01F428E6000D8E690 /* SwiftClass */ = {
			isa = PBXGroup;
			children = (
				48163CE91F4291EC00D8E690 /* Mine */,
				48163CE81F4291D100D8E690 /* Discover */,
				48163CE71F4291B400D8E690 /* Message */,
				48163CE61F42919900D8E690 /* Weibo */,
				48163CE51F42915200D8E690 /* Home */,
				48163CE11F428F3E00D8E690 /* RootTabBarController.swift */,
				48163CE31F428F7900D8E690 /* RootNavController.swift */,
				4818D7C21F445E6D00D97007 /* BaseTableViewController.swift */,
			);
			path = SwiftClass;
			sourceTree = "<group>";
		};
		48163CE51F42915200D8E690 /* Home */ = {
			isa = PBXGroup;
			children = (
				48163CEA1F42925600D8E690 /* PluseViewController.swift */,
				48163CEB1F42925600D8E690 /* PluseViewController.xib */,
			);
			path = Home;
			sourceTree = "<group>";
		};
		48163CE61F42919900D8E690 /* Weibo */ = {
			isa = PBXGroup;
			children = (
				48163CEE1F42927D00D8E690 /* WeiboTableViewController.swift */,
				48F94CB91F453E7900F0E290 /* NavCenterView.swift */,
				487230951F4A7AB2006F9518 /* MenuViewController.swift */,
				487230961F4A7AB3006F9518 /* MenuViewController.xib */,
			);
			path = Weibo;
			sourceTree = "<group>";
		};
		48163CE71F4291B400D8E690 /* Message */ = {
			isa = PBXGroup;
			children = (
				48163CF01F42929E00D8E690 /* MsgTableViewController.swift */,
			);
			path = Message;
			sourceTree = "<group>";
		};
		48163CE81F4291D100D8E690 /* Discover */ = {
			isa = PBXGroup;
			children = (
				48163CF21F4292B100D8E690 /* DisTableViewController.swift */,
			);
			path = Discover;
			sourceTree = "<group>";
		};
		48163CE91F4291EC00D8E690 /* Mine */ = {
			isa = PBXGroup;
			children = (
				48163CF41F4292BF00D8E690 /* MeTableViewController.swift */,
				48A86C5F1F4574D100734EFC /* SettingsTableViewController.swift */,
				48159F3C1F467D27008393AF /* SettingsTableViewController.storyboard */,
			);
			path = Mine;
			sourceTree = "<group>";
		};
		4818D7BB1F44196F00D97007 /* Category */ = {
			isa = PBXGroup;
			children = (
				4818D7BD1F441A3D00D97007 /* UIButton+Image.h */,
				4818D7BE1F441A3D00D97007 /* UIButton+Image.m */,
				4818D7BC1F441A3D00D97007 /* WeiBoSwift-Bridging-Header.h */,
				4818D7C01F441A9100D97007 /* UIButton+Image.swift */,
			);
			path = Category;
			sourceTree = "<group>";
		};
/* End PBXGroup section */

/* Begin PBXNativeTarget section */
		48163CC71F428B2E00D8E690 /* WeiBoSwift */ = {
			isa = PBXNativeTarget;
			buildConfigurationList = 48163CDA1F428B2E00D8E690 /* Build configuration list for PBXNativeTarget "WeiBoSwift" */;
			buildPhases = (
				48163CC41F428B2E00D8E690 /* Sources */,
				48163CC51F428B2E00D8E690 /* Frameworks */,
				48163CC61F428B2E00D8E690 /* Resources */,
			);
			buildRules = (
			);
			dependencies = (
			);
			name = WeiBoSwift;
			productName = WeiBoSwift;
			productReference = 48163CC81F428B2E00D8E690 /* WeiBoSwift.app */;
			productType = "com.apple.product-type.application";
		};
/* End PBXNativeTarget section */

/* Begin PBXProject section */
		48163CC01F428B2E00D8E690 /* Project object */ = {
			isa = PBXProject;
			attributes = {
				LastSwiftUpdateCheck = 0830;
				LastUpgradeCheck = 0830;
				ORGANIZATIONNAME = itogame;
				TargetAttributes = {
					48163CC71F428B2E00D8E690 = {
						CreatedOnToolsVersion = 8.3.2;
						DevelopmentTeam = J4B29Y4K9A;
						LastSwiftMigration = 0830;
						ProvisioningStyle = Automatic;
					};
				};
			};
			buildConfigurationList = 48163CC31F428B2E00D8E690 /* Build configuration list for PBXProject "WeiBoSwift" */;
			compatibilityVersion = "Xcode 3.2";
			developmentRegion = English;
			hasScannedForEncodings = 0;
			knownRegions = (
				en,
				Base,
			);
			mainGroup = 48163CBF1F428B2E00D8E690;
			productRefGroup = 48163CC91F428B2E00D8E690 /* Products */;
			projectDirPath = "";
			projectRoot = "";
			targets = (
				48163CC71F428B2E00D8E690 /* WeiBoSwift */,
			);
		};
/* End PBXProject section */

/* Begin PBXResourcesBuildPhase section */
		48163CC61F428B2E00D8E690 /* Resources */ = {
			isa = PBXResourcesBuildPhase;
			buildActionMask = 2147483647;
			files = (
				48159F3D1F467D27008393AF /* SettingsTableViewController.storyboard in Resources */,
				48163CED1F42925600D8E690 /* PluseViewController.xib in Resources */,
				48163CD31F428B2E00D8E690 /* Assets.xcassets in Resources */,
				487230981F4A7AB3006F9518 /* MenuViewController.xib in Resources */,
			);
			runOnlyForDeploymentPostprocessing = 0;
		};
/* End PBXResourcesBuildPhase section */

/* Begin PBXSourcesBuildPhase section */
		48163CC41F428B2E00D8E690 /* Sources */ = {
			isa = PBXSourcesBuildPhase;
			buildActionMask = 2147483647;
			files = (
				4818D7BF1F441A3D00D97007 /* UIButton+Image.m in Sources */,
				48A86C611F4574D100734EFC /* SettingsTableViewController.swift in Sources */,
				48163CEF1F42927D00D8E690 /* WeiboTableViewController.swift in Sources */,
				487230971F4A7AB3006F9518 /* MenuViewController.swift in Sources */,
				48163CF31F4292B100D8E690 /* DisTableViewController.swift in Sources */,
				48F94CBA1F453E7900F0E290 /* NavCenterView.swift in Sources */,
				48163CF11F42929E00D8E690 /* MsgTableViewController.swift in Sources */,
				48163CEC1F42925600D8E690 /* PluseViewController.swift in Sources */,
				4818D7C11F441A9100D97007 /* UIButton+Image.swift in Sources */,
				48163CCC1F428B2E00D8E690 /* AppDelegate.swift in Sources */,
				48163CE41F428F7900D8E690 /* RootNavController.swift in Sources */,
				48163CE21F428F3E00D8E690 /* RootTabBarController.swift in Sources */,
				4818D7C31F445E6D00D97007 /* BaseTableViewController.swift in Sources */,
				48163CF51F4292BF00D8E690 /* MeTableViewController.swift in Sources */,
			);
			runOnlyForDeploymentPostprocessing = 0;
		};
/* End PBXSourcesBuildPhase section */

/* Begin XCBuildConfiguration section */
		48163CD81F428B2E00D8E690 /* Debug */ = {
			isa = XCBuildConfiguration;
			buildSettings = {
				ALWAYS_SEARCH_USER_PATHS = NO;
				CLANG_ANALYZER_NONNULL = YES;
				CLANG_ANALYZER_NUMBER_OBJECT_CONVERSION = YES_AGGRESSIVE;
				CLANG_CXX_LANGUAGE_STANDARD = "gnu++0x";
				CLANG_CXX_LIBRARY = "libc++";
				CLANG_ENABLE_MODULES = YES;
				CLANG_ENABLE_OBJC_ARC = YES;
				CLANG_WARN_BOOL_CONVERSION = YES;
				CLANG_WARN_CONSTANT_CONVERSION = YES;
				CLANG_WARN_DIRECT_OBJC_ISA_USAGE = YES_ERROR;
				CLANG_WARN_DOCUMENTATION_COMMENTS = YES;
				CLANG_WARN_EMPTY_BODY = YES;
				CLANG_WARN_ENUM_CONVERSION = YES;
				CLANG_WARN_INFINITE_RECURSION = YES;
				CLANG_WARN_INT_CONVERSION = YES;
				CLANG_WARN_OBJC_ROOT_CLASS = YES_ERROR;
				CLANG_WARN_SUSPICIOUS_MOVE = YES;
				CLANG_WARN_UNREACHABLE_CODE = YES;
				CLANG_WARN__DUPLICATE_METHOD_MATCH = YES;
				"CODE_SIGN_IDENTITY[sdk=iphoneos*]" = "iPhone Developer";
				COPY_PHASE_STRIP = NO;
				DEBUG_INFORMATION_FORMAT = dwarf;
				ENABLE_STRICT_OBJC_MSGSEND = YES;
				ENABLE_TESTABILITY = YES;
				GCC_C_LANGUAGE_STANDARD = gnu99;
				GCC_DYNAMIC_NO_PIC = NO;
				GCC_NO_COMMON_BLOCKS = YES;
				GCC_OPTIMIZATION_LEVEL = 0;
				GCC_PREPROCESSOR_DEFINITIONS = (
					"DEBUG=1",
					"$(inherited)",
				);
				GCC_WARN_64_TO_32_BIT_CONVERSION = YES;
				GCC_WARN_ABOUT_RETURN_TYPE = YES_ERROR;
				GCC_WARN_UNDECLARED_SELECTOR = YES;
				GCC_WARN_UNINITIALIZED_AUTOS = YES_AGGRESSIVE;
				GCC_WARN_UNUSED_FUNCTION = YES;
				GCC_WARN_UNUSED_VARIABLE = YES;
				IPHONEOS_DEPLOYMENT_TARGET = 8.0;
				MTL_ENABLE_DEBUG_INFO = YES;
				ONLY_ACTIVE_ARCH = YES;
				SDKROOT = iphoneos;
				SWIFT_ACTIVE_COMPILATION_CONDITIONS = DEBUG;
				SWIFT_OPTIMIZATION_LEVEL = "-Onone";
				TARGETED_DEVICE_FAMILY = "1,2";
			};
			name = Debug;
		};
		48163CD91F428B2E00D8E690 /* Release */ = {
			isa = XCBuildConfiguration;
			buildSettings = {
				ALWAYS_SEARCH_USER_PATHS = NO;
				CLANG_ANALYZER_NONNULL = YES;
				CLANG_ANALYZER_NUMBER_OBJECT_CONVERSION = YES_AGGRESSIVE;
				CLANG_CXX_LANGUAGE_STANDARD = "gnu++0x";
				CLANG_CXX_LIBRARY = "libc++";
				CLANG_ENABLE_MODULES = YES;
				CLANG_ENABLE_OBJC_ARC = YES;
				CLANG_WARN_BOOL_CONVERSION = YES;
				CLANG_WARN_CONSTANT_CONVERSION = YES;
				CLANG_WARN_DIRECT_OBJC_ISA_USAGE = YES_ERROR;
				CLANG_WARN_DOCUMENTATION_COMMENTS = YES;
				CLANG_WARN_EMPTY_BODY = YES;
				CLANG_WARN_ENUM_CONVERSION = YES;
				CLANG_WARN_INFINITE_RECURSION = YES;
				CLANG_WARN_INT_CONVERSION = YES;
				CLANG_WARN_OBJC_ROOT_CLASS = YES_ERROR;
				CLANG_WARN_SUSPICIOUS_MOVE = YES;
				CLANG_WARN_UNREACHABLE_CODE = YES;
				CLANG_WARN__DUPLICATE_METHOD_MATCH = YES;
				"CODE_SIGN_IDENTITY[sdk=iphoneos*]" = "iPhone Developer";
				COPY_PHASE_STRIP = NO;
				DEBUG_INFORMATION_FORMAT = "dwarf-with-dsym";
				ENABLE_NS_ASSERTIONS = NO;
				ENABLE_STRICT_OBJC_MSGSEND = YES;
				GCC_C_LANGUAGE_STANDARD = gnu99;
				GCC_NO_COMMON_BLOCKS = YES;
				GCC_WARN_64_TO_32_BIT_CONVERSION = YES;
				GCC_WARN_ABOUT_RETURN_TYPE = YES_ERROR;
				GCC_WARN_UNDECLARED_SELECTOR = YES;
				GCC_WARN_UNINITIALIZED_AUTOS = YES_AGGRESSIVE;
				GCC_WARN_UNUSED_FUNCTION = YES;
				GCC_WARN_UNUSED_VARIABLE = YES;
				IPHONEOS_DEPLOYMENT_TARGET = 8.0;
				MTL_ENABLE_DEBUG_INFO = NO;
				SDKROOT = iphoneos;
				SWIFT_OPTIMIZATION_LEVEL = "-Owholemodule";
				TARGETED_DEVICE_FAMILY = "1,2";
				VALIDATE_PRODUCT = YES;
			};
			name = Release;
		};
		48163CDB1F428B2E00D8E690 /* Debug */ = {
			isa = XCBuildConfiguration;
			buildSettings = {
				ASSETCATALOG_COMPILER_APPICON_NAME = AppIcon;
				ASSETCATALOG_COMPILER_LAUNCHIMAGE_NAME = LaunchImage;
				CLANG_ENABLE_MODULES = YES;
				DEVELOPMENT_TEAM = J4B29Y4K9A;
				INFOPLIST_FILE = WeiBoSwift/Info.plist;
				LD_RUNPATH_SEARCH_PATHS = "$(inherited) @executable_path/Frameworks";
				PRODUCT_BUNDLE_IDENTIFIER = com.itogame.WeiBoSwift;
				PRODUCT_NAME = "$(TARGET_NAME)";
				SWIFT_OBJC_BRIDGING_HEADER = "WeiBoSwift/Classes/ThirdLibs/Category/WeiBoSwift-Bridging-Header.h";
				SWIFT_OPTIMIZATION_LEVEL = "-Onone";
				SWIFT_VERSION = 3.0;
			};
			name = Debug;
		};
		48163CDC1F428B2E00D8E690 /* Release */ = {
			isa = XCBuildConfiguration;
			buildSettings = {
				ASSETCATALOG_COMPILER_APPICON_NAME = AppIcon;
				ASSETCATALOG_COMPILER_LAUNCHIMAGE_NAME = LaunchImage;
				CLANG_ENABLE_MODULES = YES;
				DEVELOPMENT_TEAM = J4B29Y4K9A;
				INFOPLIST_FILE = WeiBoSwift/Info.plist;
				LD_RUNPATH_SEARCH_PATHS = "$(inherited) @executable_path/Frameworks";
				PRODUCT_BUNDLE_IDENTIFIER = com.itogame.WeiBoSwift;
				PRODUCT_NAME = "$(TARGET_NAME)";
				SWIFT_OBJC_BRIDGING_HEADER = "WeiBoSwift/Classes/ThirdLibs/Category/WeiBoSwift-Bridging-Header.h";
				SWIFT_VERSION = 3.0;
			};
			name = Release;
		};
/* End XCBuildConfiguration section */

/* Begin XCConfigurationList section */
		48163CC31F428B2E00D8E690 /* Build configuration list for PBXProject "WeiBoSwift" */ = {
			isa = XCConfigurationList;
			buildConfigurations = (
				48163CD81F428B2E00D8E690 /* Debug */,
				48163CD91F428B2E00D8E690 /* Release */,
			);
			defaultConfigurationIsVisible = 0;
			defaultConfigurationName = Release;
		};
		48163CDA1F428B2E00D8E690 /* Build configuration list for PBXNativeTarget "WeiBoSwift" */ = {
			isa = XCConfigurationList;
			buildConfigurations = (
				48163CDB1F428B2E00D8E690 /* Debug */,
				48163CDC1F428B2E00D8E690 /* Release */,
			);
			defaultConfigurationIsVisible = 0;
			defaultConfigurationName = Release;
		};
/* End XCConfigurationList section */
	};
	rootObject = 48163CC01F428B2E00D8E690 /* Project object */;
}
